
Microsoft Visual Studio Solution File, Format Version 12.00
# Visual Studio Version 17
VisualStudioVersion = 17.0.31903.59
MinimumVisualStudioVersion = 10.0.40219.1
Project("{2150E333-8FDC-42A3-9474-1A3956D46DE8}") = "src", "src", "{827E0CD3-B72D-47B6-A68D-7590B98EB39B}"
EndProject
Project("{FAE04EC0-301F-11D3-BF4B-00C04F79EFBC}") = "Core", "src\Core\Core.csproj", "{AB47198D-E15D-4B56-978C-39E7CDC07FFC}"
EndProject
Project("{FAE04EC0-301F-11D3-BF4B-00C04F79EFBC}") = "Application", "src\Application\Application.csproj", "{F4E8A178-D340-463F-A8A1-E76B633373D1}"
EndProject
Project("{FAE04EC0-301F-11D3-BF4B-00C04F79EFBC}") = "Infrastructure", "src\Infrastructure\Infrastructure.csproj", "{68CC12E3-0A5A-455B-A3A3-FFA42841B399}"
EndProject
Project("{FAE04EC0-301F-11D3-BF4B-00C04F79EFBC}") = "API", "src\API\API.csproj", "{DC0E3E04-F754-4DEC-8D39-49D56D76A79F}"
EndProject
Global
	GlobalSection(SolutionConfigurationPlatforms) = preSolution
		Debug|Any CPU = Debug|Any CPU
		Debug|x64 = Debug|x64
		Debug|x86 = Debug|x86
		Release|Any CPU = Release|Any CPU
		Release|x64 = Release|x64
		Release|x86 = Release|x86
	EndGlobalSection
	GlobalSection(ProjectConfigurationPlatforms) = postSolution
		{AB47198D-E15D-4B56-978C-39E7CDC07FFC}.Debug|Any CPU.ActiveCfg = Debug|Any CPU
		{AB47198D-E15D-4B56-978C-39E7CDC07FFC}.Debug|Any CPU.Build.0 = Debug|Any CPU
		{AB47198D-E15D-4B56-978C-39E7CDC07FFC}.Debug|x64.ActiveCfg = Debug|Any CPU
		{AB47198D-E15D-4B56-978C-39E7CDC07FFC}.Debug|x64.Build.0 = Debug|Any CPU
		{AB47198D-E15D-4B56-978C-39E7CDC07FFC}.Debug|x86.ActiveCfg = Debug|Any CPU
		{AB47198D-E15D-4B56-978C-39E7CDC07FFC}.Debug|x86.Build.0 = Debug|Any CPU
		{AB47198D-E15D-4B56-978C-39E7CDC07FFC}.Release|Any CPU.ActiveCfg = Release|Any CPU
		{AB47198D-E15D-4B56-978C-39E7CDC07FFC}.Release|Any CPU.Build.0 = Release|Any CPU
		{AB47198D-E15D-4B56-978C-39E7CDC07FFC}.Release|x64.ActiveCfg = Release|Any CPU
		{AB47198D-E15D-4B56-978C-39E7CDC07FFC}.Release|x64.Build.0 = Release|Any CPU
		{AB47198D-E15D-4B56-978C-39E7CDC07FFC}.Release|x86.ActiveCfg = Release|Any CPU
		{AB47198D-E15D-4B56-978C-39E7CDC07FFC}.Release|x86.Build.0 = Release|Any CPU
		{F4E8A178-D340-463F-A8A1-E76B633373D1}.Debug|Any CPU.ActiveCfg = Debug|Any CPU
		{F4E8A178-D340-463F-A8A1-E76B633373D1}.Debug|Any CPU.Build.0 = Debug|Any CPU
		{F4E8A178-D340-463F-A8A1-E76B633373D1}.Debug|x64.ActiveCfg = Debug|Any CPU
		{F4E8A178-D340-463F-A8A1-E76B633373D1}.Debug|x64.Build.0 = Debug|Any CPU
		{F4E8A178-D340-463F-A8A1-E76B633373D1}.Debug|x86.ActiveCfg = Debug|Any CPU
		{F4E8A178-D340-463F-A8A1-E76B633373D1}.Debug|x86.Build.0 = Debug|Any CPU
		{F4E8A178-D340-463F-A8A1-E76B633373D1}.Release|Any CPU.ActiveCfg = Release|Any CPU
		{F4E8A178-D340-463F-A8A1-E76B633373D1}.Release|Any CPU.Build.0 = Release|Any CPU
		{F4E8A178-D340-463F-A8A1-E76B633373D1}.Release|x64.ActiveCfg = Release|Any CPU
		{F4E8A178-D340-463F-A8A1-E76B633373D1}.Release|x64.Build.0 = Release|Any CPU
		{F4E8A178-D340-463F-A8A1-E76B633373D1}.Release|x86.ActiveCfg = Release|Any CPU
		{F4E8A178-D340-463F-A8A1-E76B633373D1}.Release|x86.Build.0 = Release|Any CPU
		{68CC12E3-0A5A-455B-A3A3-FFA42841B399}.Debug|Any CPU.ActiveCfg = Debug|Any CPU
		{68CC12E3-0A5A-455B-A3A3-FFA42841B399}.Debug|Any CPU.Build.0 = Debug|Any CPU
		{68CC12E3-0A5A-455B-A3A3-FFA42841B399}.Debug|x64.ActiveCfg = Debug|Any CPU
		{68CC12E3-0A5A-455B-A3A3-FFA42841B399}.Debug|x64.Build.0 = Debug|Any CPU
		{68CC12E3-0A5A-455B-A3A3-FFA42841B399}.Debug|x86.ActiveCfg = Debug|Any CPU
		{68CC12E3-0A5A-455B-A3A3-FFA42841B399}.Debug|x86.Build.0 = Debug|Any CPU
		{68CC12E3-0A5A-455B-A3A3-FFA42841B399}.Release|Any CPU.ActiveCfg = Release|Any CPU
		{68CC12E3-0A5A-455B-A3A3-FFA42841B399}.Release|Any CPU.Build.0 = Release|Any CPU
		{68CC12E3-0A5A-455B-A3A3-FFA42841B399}.Release|x64.ActiveCfg = Release|Any CPU
		{68CC12E3-0A5A-455B-A3A3-FFA42841B399}.Release|x64.Build.0 = Release|Any CPU
		{68CC12E3-0A5A-455B-A3A3-FFA42841B399}.Release|x86.ActiveCfg = Release|Any CPU
		{68CC12E3-0A5A-455B-A3A3-FFA42841B399}.Release|x86.Build.0 = Release|Any CPU
		{DC0E3E04-F754-4DEC-8D39-49D56D76A79F}.Debug|Any CPU.ActiveCfg = Debug|Any CPU
		{DC0E3E04-F754-4DEC-8D39-49D56D76A79F}.Debug|Any CPU.Build.0 = Debug|Any CPU
		{DC0E3E04-F754-4DEC-8D39-49D56D76A79F}.Debug|x64.ActiveCfg = Debug|Any CPU
		{DC0E3E04-F754-4DEC-8D39-49D56D76A79F}.Debug|x64.Build.0 = Debug|Any CPU
		{DC0E3E04-F754-4DEC-8D39-49D56D76A79F}.Debug|x86.ActiveCfg = Debug|Any CPU
		{DC0E3E04-F754-4DEC-8D39-49D56D76A79F}.Debug|x86.Build.0 = Debug|Any CPU
		{DC0E3E04-F754-4DEC-8D39-49D56D76A79F}.Release|Any CPU.ActiveCfg = Release|Any CPU
		{DC0E3E04-F754-4DEC-8D39-49D56D76A79F}.Release|Any CPU.Build.0 = Release|Any CPU
		{DC0E3E04-F754-4DEC-8D39-49D56D76A79F}.Release|x64.ActiveCfg = Release|Any CPU
		{DC0E3E04-F754-4DEC-8D39-49D56D76A79F}.Release|x64.Build.0 = Release|Any CPU
		{DC0E3E04-F754-4DEC-8D39-49D56D76A79F}.Release|x86.ActiveCfg = Release|Any CPU
		{DC0E3E04-F754-4DEC-8D39-49D56D76A79F}.Release|x86.Build.0 = Release|Any CPU
	EndGlobalSection
	GlobalSection(SolutionProperties) = preSolution
		HideSolutionNode = FALSE
	EndGlobalSection
	GlobalSection(NestedProjects) = preSolution
		{AB47198D-E15D-4B56-978C-39E7CDC07FFC} = {827E0CD3-B72D-47B6-A68D-7590B98EB39B}
		{F4E8A178-D340-463F-A8A1-E76B633373D1} = {827E0CD3-B72D-47B6-A68D-7590B98EB39B}
		{68CC12E3-0A5A-455B-A3A3-FFA42841B399} = {827E0CD3-B72D-47B6-A68D-7590B98EB39B}
		{DC0E3E04-F754-4DEC-8D39-49D56D76A79F} = {827E0CD3-B72D-47B6-A68D-7590B98EB39B}
	EndGlobalSection
EndGlobal
